
Microsoft Visual Studio Solution File, Format Version 12.00
# Visual Studio Version 16
VisualStudioVersion = 16.0.32901.82
MinimumVisualStudioVersion = 10.0.40219.1
Project("{8BC9CEB8-8B4A-11D0-8D11-00A0C91BC942}") = "Merchandise auction platform", "Merchandise auction platform.vcxproj", "{345CDAAE-CE4F-48C2-8EE5-7A588189E680}"
EndProject
Global
	GlobalSection(SolutionConfigurationPlatforms) = preSolution
		Debug|x64 = Debug|x64
		Debug|x86 = Debug|x86
		Release|x64 = Release|x64
		Release|x86 = Release|x86
	EndGlobalSection
	GlobalSection(ProjectConfigurationPlatforms) = postSolution
		{345CDAAE-CE4F-48C2-8EE5-7A588189E680}.Debug|x64.ActiveCfg = Debug|x64
		{345CDAAE-CE4F-48C2-8EE5-7A588189E680}.Debug|x64.Build.0 = Debug|x64
		{345CDAAE-CE4F-48C2-8EE5-7A588189E680}.Debug|x86.ActiveCfg = Debug|Win32
		{345CDAAE-CE4F-48C2-8EE5-7A588189E680}.Debug|x86.Build.0 = Debug|Win32
		{345CDAAE-CE4F-48C2-8EE5-7A588189E680}.Release|x64.ActiveCfg = Release|x64
		{345CDAAE-CE4F-48C2-8EE5-7A588189E680}.Release|x64.Build.0 = Release|x64
		{345CDAAE-CE4F-48C2-8EE5-7A588189E680}.Release|x86.ActiveCfg = Release|Win32
		{345CDAAE-CE4F-48C2-8EE5-7A588189E680}.Release|x86.Build.0 = Release|Win32
	EndGlobalSection
	GlobalSection(SolutionProperties) = preSolution
		HideSolutionNode = FALSE
	EndGlobalSection
	GlobalSection(ExtensibilityGlobals) = postSolution
		SolutionGuid = {20877347-7987-489A-B400-C8244388F7CA}
	EndGlobalSection
EndGlobal
